# THIS IS AN AUTOGENERATED FILE. DO NOT EDIT THIS FILE DIRECTLY.
# yarn lockfile v1


"downstream-application@file:/Users/wills.manley/Uber/bazel-filegroup-example/packages/downstream-application":
  version "1.0.0"
  resolved "file:packages/downstream-application"
  dependencies:
    upstream-library "1.0.0"

es-module-lexer@^1.2.0:
  version "1.2.0"
  resolved "https://unpm.uberinternal.com/es-module-lexer/-/es-module-lexer-1.2.0.tgz"
  integrity sha1-gSJklzthMZW6IU9pqE4FsPQkGmc=

es-module-lexer@0.4.1:
  version "0.4.1"
  resolved "https://unpm.uberinternal.com/es-module-lexer/-/es-module-lexer-0.4.1.tgz"
  integrity sha1-3ajGoU2PNAok40Mx4Pqwy1BDjg4=

parse-imports@^1.1.0:
  version "1.1.0"
  resolved "https://unpm.uberinternal.com/parse-imports/-/parse-imports-1.1.0.tgz"
  integrity sha1-OaaU8pNTc0LrVW0uWTai6Ykyibs=
  dependencies:
    es-module-lexer "0.4.1"
    slashes "2.0.2"

slashes@2.0.2:
  version "2.0.2"
  resolved "https://unpm.uberinternal.com/slashes/-/slashes-2.0.2.tgz"
  integrity sha1-wUndNVW9I2/cO0PsVudI6SRCVhM=

upstream-library@1.0.0, "upstream-library@file:/Users/wills.manley/Uber/bazel-filegroup-example/packages/upstream-library":
  version "1.0.0"
  resolved "file:packages/upstream-library"
