# This file is generated by running "yarn install" inside your project.
# Manual changes might be lost - proceed with caution!

__metadata:
  version: 6
  cacheKey: 8

"bazel-filegroup-example@workspace:.":
  version: 0.0.0-use.local
  resolution: "bazel-filegroup-example@workspace:."
  dependencies:
    es-module-lexer: ^1.2.0
    parse-imports: ^1.1.0
  languageName: unknown
  linkType: soft

"downstream-application@workspace:packages/downstream-application":
  version: 0.0.0-use.local
  resolution: "downstream-application@workspace:packages/downstream-application"
  dependencies:
    upstream-library: 1.0.0
  languageName: unknown
  linkType: soft

"es-module-lexer@npm:0.4.1":
  version: 0.4.1
  resolution: "es-module-lexer@npm:0.4.1"
  checksum: c33ee30390812df875e419783cf37f3a32b73daabbb1f8a08fe9282fe0777b0a8064a219a34a253cb954b3308bbd4227e17da9e8ec253d309a83b4c90b2e9388
  languageName: node
  linkType: hard

"es-module-lexer@npm:^1.2.0":
  version: 1.2.0
  resolution: "es-module-lexer@npm:1.2.0"
  checksum: a0b865641ae52093fa3dffc41f3c440ac97b9932156896daa7784e66f01bef40f15b5578540f91cb4a43c38adda4a8ab8afca395b3b25480007d741ff0642de3
  languageName: node
  linkType: hard

"parse-imports@npm:^1.1.0":
  version: 1.1.0
  resolution: "parse-imports@npm:1.1.0"
  dependencies:
    es-module-lexer: 0.4.1
    slashes: 2.0.2
  checksum: 8618435cc1cc53cfff70358291114ac0d69a3dcdcdf98954752b6825c1f3263348894c8fd6685353ca98ad7b815d533e4425d448da2bb882997172839a85d385
  languageName: node
  linkType: hard

"slashes@npm:2.0.2":
  version: 2.0.2
  resolution: "slashes@npm:2.0.2"
  checksum: d596044ec6bd4ec5d9cabc1d4125a0322b4dcc94d65ad58dd4ab4aeea9e83d87943d4afa75c70136a3fd506f536bb30fe01f63bf7eaafdd64ecda8718079dfe6
  languageName: node
  linkType: hard

"upstream-index-reexport@workspace:packages/upstream-index-reexport":
  version: 0.0.0-use.local
  resolution: "upstream-index-reexport@workspace:packages/upstream-index-reexport"
  languageName: unknown
  linkType: soft

"upstream-library@1.0.0, upstream-library@workspace:packages/upstream-library":
  version: 0.0.0-use.local
  resolution: "upstream-library@workspace:packages/upstream-library"
  languageName: unknown
  linkType: soft
